
Microsoft Visual Studio Solution File, Format Version 12.00
# Visual Studio Version 17
VisualStudioVersion = 17.8.34525.116
MinimumVisualStudioVersion = 10.0.40219.1
Project("{FAE04EC0-301F-11D3-BF4B-00C04F79EFBC}") = "NplayBackend", "NplayBackend\NplayBackend.csproj", "{4343CF7A-6D65-40A5-8F67-43FA8DEAE09D}"
EndProject
Global
	GlobalSection(SolutionConfigurationPlatforms) = preSolution
		Debug|Any CPU = Debug|Any CPU
		Release|Any CPU = Release|Any CPU
	EndGlobalSection
	GlobalSection(ProjectConfigurationPlatforms) = postSolution
		{4343CF7A-6D65-40A5-8F67-43FA8DEAE09D}.Debug|Any CPU.ActiveCfg = Debug|Any CPU
		{4343CF7A-6D65-40A5-8F67-43FA8DEAE09D}.Debug|Any CPU.Build.0 = Debug|Any CPU
		{4343CF7A-6D65-40A5-8F67-43FA8DEAE09D}.Release|Any CPU.ActiveCfg = Release|Any CPU
		{4343CF7A-6D65-40A5-8F67-43FA8DEAE09D}.Release|Any CPU.Build.0 = Release|Any CPU
	EndGlobalSection
	GlobalSection(SolutionProperties) = preSolution
		HideSolutionNode = FALSE
	EndGlobalSection
	GlobalSection(ExtensibilityGlobals) = postSolution
		SolutionGuid = {892AC029-D1EB-4E69-A74F-FCF65D960C51}
	EndGlobalSection
EndGlobal
